// !$*UTF8*$!
{
	archiveVersion = 1;
	classes = {
	};
	objectVersion = 56;
	objects = {

/* Begin PBXBuildFile section */
		B141C4502C3366CC00BA0E29 /* sturdy_couscousApp.swift in Sources */ = {isa = PBXBuildFile; fileRef = B141C44F2C3366CC00BA0E29 /* sturdy_couscousApp.swift */; };
		B141C4522C3366CC00BA0E29 /* ContentView.swift in Sources */ = {isa = PBXBuildFile; fileRef = B141C4512C3366CC00BA0E29 /* ContentView.swift */; };
		B141C4542C3366CD00BA0E29 /* Assets.xcassets in Resources */ = {isa = PBXBuildFile; fileRef = B141C4532C3366CD00BA0E29 /* Assets.xcassets */; };
		B141C4572C3366CD00BA0E29 /* Preview Assets.xcassets in Resources */ = {isa = PBXBuildFile; fileRef = B141C4562C3366CD00BA0E29 /* Preview Assets.xcassets */; };
		B141C4692C3370C700BA0E29 /* DataScannerRepresentable.swift in Sources */ = {isa = PBXBuildFile; fileRef = B141C4682C3370C700BA0E29 /* DataScannerRepresentable.swift */; };
		B141C46B2C33718100BA0E29 /* QRCodeReader.swift in Sources */ = {isa = PBXBuildFile; fileRef = B141C46A2C33718100BA0E29 /* QRCodeReader.swift */; };
		B141C46E2C33816B00BA0E29 /* QRCodeGen.swift in Sources */ = {isa = PBXBuildFile; fileRef = B141C46D2C33816A00BA0E29 /* QRCodeGen.swift */; };
		B141C4702C338CD300BA0E29 /* TOTP.swift in Sources */ = {isa = PBXBuildFile; fileRef = B141C46F2C338CD300BA0E29 /* TOTP.swift */; };
		B141C4732C3390E000BA0E29 /* SwiftOTP in Frameworks */ = {isa = PBXBuildFile; productRef = B141C4722C3390E000BA0E29 /* SwiftOTP */; };
		B141C4772C34FD1C00BA0E29 /* AuthenticationModel.swift in Sources */ = {isa = PBXBuildFile; fileRef = B141C4762C34FD1C00BA0E29 /* AuthenticationModel.swift */; };
		B1E27F5D2C3B9BB200586A21 /* VShiftLayout.swift in Sources */ = {isa = PBXBuildFile; fileRef = B1E27F5C2C3B9BB200586A21 /* VShiftLayout.swift */; };
/* End PBXBuildFile section */

/* Begin PBXFileReference section */
		B141C44C2C3366CC00BA0E29 /* sturdy-couscous.app */ = {isa = PBXFileReference; explicitFileType = wrapper.application; includeInIndex = 0; path = "sturdy-couscous.app"; sourceTree = BUILT_PRODUCTS_DIR; };
		B141C44F2C3366CC00BA0E29 /* sturdy_couscousApp.swift */ = {isa = PBXFileReference; lastKnownFileType = sourcecode.swift; path = sturdy_couscousApp.swift; sourceTree = "<group>"; };
		B141C4512C3366CC00BA0E29 /* ContentView.swift */ = {isa = PBXFileReference; lastKnownFileType = sourcecode.swift; path = ContentView.swift; sourceTree = "<group>"; };
		B141C4532C3366CD00BA0E29 /* Assets.xcassets */ = {isa = PBXFileReference; lastKnownFileType = folder.assetcatalog; path = Assets.xcassets; sourceTree = "<group>"; };
		B141C4562C3366CD00BA0E29 /* Preview Assets.xcassets */ = {isa = PBXFileReference; lastKnownFileType = folder.assetcatalog; path = "Preview Assets.xcassets"; sourceTree = "<group>"; };
		B141C4682C3370C700BA0E29 /* DataScannerRepresentable.swift */ = {isa = PBXFileReference; lastKnownFileType = sourcecode.swift; path = DataScannerRepresentable.swift; sourceTree = "<group>"; };
		B141C46A2C33718100BA0E29 /* QRCodeReader.swift */ = {isa = PBXFileReference; lastKnownFileType = sourcecode.swift; path = QRCodeReader.swift; sourceTree = "<group>"; };
		B141C46D2C33816A00BA0E29 /* QRCodeGen.swift */ = {isa = PBXFileReference; lastKnownFileType = sourcecode.swift; path = QRCodeGen.swift; sourceTree = "<group>"; };
		B141C46F2C338CD300BA0E29 /* TOTP.swift */ = {isa = PBXFileReference; lastKnownFileType = sourcecode.swift; path = TOTP.swift; sourceTree = "<group>"; };
		B141C4762C34FD1C00BA0E29 /* AuthenticationModel.swift */ = {isa = PBXFileReference; lastKnownFileType = sourcecode.swift; path = AuthenticationModel.swift; sourceTree = "<group>"; };
		B1E27F5C2C3B9BB200586A21 /* VShiftLayout.swift */ = {isa = PBXFileReference; lastKnownFileType = sourcecode.swift; path = VShiftLayout.swift; sourceTree = "<group>"; };
/* End PBXFileReference section */

/* Begin PBXFrameworksBuildPhase section */
		B141C4492C3366CC00BA0E29 /* Frameworks */ = {
			isa = PBXFrameworksBuildPhase;
			buildActionMask = 2147483647;
			files = (
				B141C4732C3390E000BA0E29 /* SwiftOTP in Frameworks */,
			);
			runOnlyForDeploymentPostprocessing = 0;
		};
/* End PBXFrameworksBuildPhase section */

/* Begin PBXGroup section */
		B141C4432C3366CC00BA0E29 = {
			isa = PBXGroup;
			children = (
				B141C44E2C3366CC00BA0E29 /* sturdy-couscous */,
				B141C44D2C3366CC00BA0E29 /* Products */,
			);
			sourceTree = "<group>";
		};
		B141C44D2C3366CC00BA0E29 /* Products */ = {
			isa = PBXGroup;
			children = (
				B141C44C2C3366CC00BA0E29 /* sturdy-couscous.app */,
			);
			name = Products;
			sourceTree = "<group>";
		};
		B141C44E2C3366CC00BA0E29 /* sturdy-couscous */ = {
			isa = PBXGroup;
			children = (
				B141C44F2C3366CC00BA0E29 /* sturdy_couscousApp.swift */,
				B141C4512C3366CC00BA0E29 /* ContentView.swift */,
				B141C46F2C338CD300BA0E29 /* TOTP.swift */,
				B141C4762C34FD1C00BA0E29 /* AuthenticationModel.swift */,
				B1E27F5C2C3B9BB200586A21 /* VShiftLayout.swift */,
				B141C46C2C33724100BA0E29 /* ScannerComponent */,
				B141C4532C3366CD00BA0E29 /* Assets.xcassets */,
				B141C4552C3366CD00BA0E29 /* Preview Content */,
			);
			path = "sturdy-couscous";
			sourceTree = "<group>";
		};
		B141C4552C3366CD00BA0E29 /* Preview Content */ = {
			isa = PBXGroup;
			children = (
				B141C4562C3366CD00BA0E29 /* Preview Assets.xcassets */,
			);
			path = "Preview Content";
			sourceTree = "<group>";
		};
		B141C46C2C33724100BA0E29 /* ScannerComponent */ = {
			isa = PBXGroup;
			children = (
				B141C4682C3370C700BA0E29 /* DataScannerRepresentable.swift */,
				B141C46A2C33718100BA0E29 /* QRCodeReader.swift */,
				B141C46D2C33816A00BA0E29 /* QRCodeGen.swift */,
			);
			path = ScannerComponent;
			sourceTree = "<group>";
		};
/* End PBXGroup section */

/* Begin PBXNativeTarget section */
		B141C44B2C3366CC00BA0E29 /* sturdy-couscous */ = {
			isa = PBXNativeTarget;
			buildConfigurationList = B141C45A2C3366CD00BA0E29 /* Build configuration list for PBXNativeTarget "sturdy-couscous" */;
			buildPhases = (
				B141C4482C3366CC00BA0E29 /* Sources */,
				B141C4492C3366CC00BA0E29 /* Frameworks */,
				B141C44A2C3366CC00BA0E29 /* Resources */,
			);
			buildRules = (
			);
			dependencies = (
			);
			name = "sturdy-couscous";
			packageProductDependencies = (
				B141C4722C3390E000BA0E29 /* SwiftOTP */,
			);
			productName = "sturdy-couscous";
			productReference = B141C44C2C3366CC00BA0E29 /* sturdy-couscous.app */;
			productType = "com.apple.product-type.application";
		};
/* End PBXNativeTarget section */

/* Begin PBXProject section */
		B141C4442C3366CC00BA0E29 /* Project object */ = {
			isa = PBXProject;
			attributes = {
				BuildIndependentTargetsInParallel = 1;
				LastSwiftUpdateCheck = 1540;
				LastUpgradeCheck = 1540;
				TargetAttributes = {
					B141C44B2C3366CC00BA0E29 = {
						CreatedOnToolsVersion = 15.4;
					};
				};
			};
			buildConfigurationList = B141C4472C3366CC00BA0E29 /* Build configuration list for PBXProject "sturdy-couscous" */;
			compatibilityVersion = "Xcode 14.0";
			developmentRegion = en;
			hasScannedForEncodings = 0;
			knownRegions = (
				en,
				Base,
			);
			mainGroup = B141C4432C3366CC00BA0E29;
			packageReferences = (
				B141C4712C3390E000BA0E29 /* XCRemoteSwiftPackageReference "SwiftOTP" */,
			);
			productRefGroup = B141C44D2C3366CC00BA0E29 /* Products */;
			projectDirPath = "";
			projectRoot = "";
			targets = (
				B141C44B2C3366CC00BA0E29 /* sturdy-couscous */,
			);
		};
/* End PBXProject section */

/* Begin PBXResourcesBuildPhase section */
		B141C44A2C3366CC00BA0E29 /* Resources */ = {
			isa = PBXResourcesBuildPhase;
			buildActionMask = 2147483647;
			files = (
				B141C4572C3366CD00BA0E29 /* Preview Assets.xcassets in Resources */,
				B141C4542C3366CD00BA0E29 /* Assets.xcassets in Resources */,
			);
			runOnlyForDeploymentPostprocessing = 0;
		};
/* End PBXResourcesBuildPhase section */

/* Begin PBXSourcesBuildPhase section */
		B141C4482C3366CC00BA0E29 /* Sources */ = {
			isa = PBXSourcesBuildPhase;
			buildActionMask = 2147483647;
			files = (
				B141C46B2C33718100BA0E29 /* QRCodeReader.swift in Sources */,
				B141C4692C3370C700BA0E29 /* DataScannerRepresentable.swift in Sources */,
				B141C46E2C33816B00BA0E29 /* QRCodeGen.swift in Sources */,
				B141C4522C3366CC00BA0E29 /* ContentView.swift in Sources */,
				B141C4702C338CD300BA0E29 /* TOTP.swift in Sources */,
				B141C4772C34FD1C00BA0E29 /* AuthenticationModel.swift in Sources */,
				B141C4502C3366CC00BA0E29 /* sturdy_couscousApp.swift in Sources */,
				B1E27F5D2C3B9BB200586A21 /* VShiftLayout.swift in Sources */,
			);
			runOnlyForDeploymentPostprocessing = 0;
		};
/* End PBXSourcesBuildPhase section */

/* Begin XCBuildConfiguration section */
		B141C4582C3366CD00BA0E29 /* Debug */ = {
			isa = XCBuildConfiguration;
			buildSettings = {
				ALWAYS_SEARCH_USER_PATHS = NO;
				ASSETCATALOG_COMPILER_GENERATE_SWIFT_ASSET_SYMBOL_EXTENSIONS = YES;
				CLANG_ANALYZER_NONNULL = YES;
				CLANG_ANALYZER_NUMBER_OBJECT_CONVERSION = YES_AGGRESSIVE;
				CLANG_CXX_LANGUAGE_STANDARD = "gnu++20";
				CLANG_ENABLE_MODULES = YES;
				CLANG_ENABLE_OBJC_ARC = YES;
				CLANG_ENABLE_OBJC_WEAK = YES;
				CLANG_WARN_BLOCK_CAPTURE_AUTORELEASING = YES;
				CLANG_WARN_BOOL_CONVERSION = YES;
				CLANG_WARN_COMMA = YES;
				CLANG_WARN_CONSTANT_CONVERSION = YES;
				CLANG_WARN_DEPRECATED_OBJC_IMPLEMENTATIONS = YES;
				CLANG_WARN_DIRECT_OBJC_ISA_USAGE = YES_ERROR;
				CLANG_WARN_DOCUMENTATION_COMMENTS = YES;
				CLANG_WARN_EMPTY_BODY = YES;
				CLANG_WARN_ENUM_CONVERSION = YES;
				CLANG_WARN_INFINITE_RECURSION = YES;
				CLANG_WARN_INT_CONVERSION = YES;
				CLANG_WARN_NON_LITERAL_NULL_CONVERSION = YES;
				CLANG_WARN_OBJC_IMPLICIT_RETAIN_SELF = YES;
				CLANG_WARN_OBJC_LITERAL_CONVERSION = YES;
				CLANG_WARN_OBJC_ROOT_CLASS = YES_ERROR;
				CLANG_WARN_QUOTED_INCLUDE_IN_FRAMEWORK_HEADER = YES;
				CLANG_WARN_RANGE_LOOP_ANALYSIS = YES;
				CLANG_WARN_STRICT_PROTOTYPES = YES;
				CLANG_WARN_SUSPICIOUS_MOVE = YES;
				CLANG_WARN_UNGUARDED_AVAILABILITY = YES_AGGRESSIVE;
				CLANG_WARN_UNREACHABLE_CODE = YES;
				CLANG_WARN__DUPLICATE_METHOD_MATCH = YES;
				COPY_PHASE_STRIP = NO;
				DEBUG_INFORMATION_FORMAT = dwarf;
				ENABLE_STRICT_OBJC_MSGSEND = YES;
				ENABLE_TESTABILITY = YES;
				ENABLE_USER_SCRIPT_SANDBOXING = YES;
				GCC_C_LANGUAGE_STANDARD = gnu17;
				GCC_DYNAMIC_NO_PIC = NO;
				GCC_NO_COMMON_BLOCKS = YES;
				GCC_OPTIMIZATION_LEVEL = 0;
				GCC_PREPROCESSOR_DEFINITIONS = (
					"DEBUG=1",
					"$(inherited)",
				);
				GCC_WARN_64_TO_32_BIT_CONVERSION = YES;
				GCC_WARN_ABOUT_RETURN_TYPE = YES_ERROR;
				GCC_WARN_UNDECLARED_SELECTOR = YES;
				GCC_WARN_UNINITIALIZED_AUTOS = YES_AGGRESSIVE;
				GCC_WARN_UNUSED_FUNCTION = YES;
				GCC_WARN_UNUSED_VARIABLE = YES;
				IPHONEOS_DEPLOYMENT_TARGET = 17.5;
				LOCALIZATION_PREFERS_STRING_CATALOGS = YES;
				MTL_ENABLE_DEBUG_INFO = INCLUDE_SOURCE;
				MTL_FAST_MATH = YES;
				ONLY_ACTIVE_ARCH = YES;
				SDKROOT = iphoneos;
				SWIFT_ACTIVE_COMPILATION_CONDITIONS = "DEBUG $(inherited)";
				SWIFT_OPTIMIZATION_LEVEL = "-Onone";
			};
			name = Debug;
		};
		B141C4592C3366CD00BA0E29 /* Release */ = {
			isa = XCBuildConfiguration;
			buildSettings = {
				ALWAYS_SEARCH_USER_PATHS = NO;
				ASSETCATALOG_COMPILER_GENERATE_SWIFT_ASSET_SYMBOL_EXTENSIONS = YES;
				CLANG_ANALYZER_NONNULL = YES;
				CLANG_ANALYZER_NUMBER_OBJECT_CONVERSION = YES_AGGRESSIVE;
				CLANG_CXX_LANGUAGE_STANDARD = "gnu++20";
				CLANG_ENABLE_MODULES = YES;
				CLANG_ENABLE_OBJC_ARC = YES;
				CLANG_ENABLE_OBJC_WEAK = YES;
				CLANG_WARN_BLOCK_CAPTURE_AUTORELEASING = YES;
				CLANG_WARN_BOOL_CONVERSION = YES;
				CLANG_WARN_COMMA = YES;
				CLANG_WARN_CONSTANT_CONVERSION = YES;
				CLANG_WARN_DEPRECATED_OBJC_IMPLEMENTATIONS = YES;
				CLANG_WARN_DIRECT_OBJC_ISA_USAGE = YES_ERROR;
				CLANG_WARN_DOCUMENTATION_COMMENTS = YES;
				CLANG_WARN_EMPTY_BODY = YES;
				CLANG_WARN_ENUM_CONVERSION = YES;
				CLANG_WARN_INFINITE_RECURSION = YES;
				CLANG_WARN_INT_CONVERSION = YES;
				CLANG_WARN_NON_LITERAL_NULL_CONVERSION = YES;
				CLANG_WARN_OBJC_IMPLICIT_RETAIN_SELF = YES;
				CLANG_WARN_OBJC_LITERAL_CONVERSION = YES;
				CLANG_WARN_OBJC_ROOT_CLASS = YES_ERROR;
				CLANG_WARN_QUOTED_INCLUDE_IN_FRAMEWORK_HEADER = YES;
				CLANG_WARN_RANGE_LOOP_ANALYSIS = YES;
				CLANG_WARN_STRICT_PROTOTYPES = YES;
				CLANG_WARN_SUSPICIOUS_MOVE = YES;
				CLANG_WARN_UNGUARDED_AVAILABILITY = YES_AGGRESSIVE;
				CLANG_WARN_UNREACHABLE_CODE = YES;
				CLANG_WARN__DUPLICATE_METHOD_MATCH = YES;
				COPY_PHASE_STRIP = NO;
				DEBUG_INFORMATION_FORMAT = "dwarf-with-dsym";
				ENABLE_NS_ASSERTIONS = NO;
				ENABLE_STRICT_OBJC_MSGSEND = YES;
				ENABLE_USER_SCRIPT_SANDBOXING = YES;
				GCC_C_LANGUAGE_STANDARD = gnu17;
				GCC_NO_COMMON_BLOCKS = YES;
				GCC_WARN_64_TO_32_BIT_CONVERSION = YES;
				GCC_WARN_ABOUT_RETURN_TYPE = YES_ERROR;
				GCC_WARN_UNDECLARED_SELECTOR = YES;
				GCC_WARN_UNINITIALIZED_AUTOS = YES_AGGRESSIVE;
				GCC_WARN_UNUSED_FUNCTION = YES;
				GCC_WARN_UNUSED_VARIABLE = YES;
				IPHONEOS_DEPLOYMENT_TARGET = 17.5;
				LOCALIZATION_PREFERS_STRING_CATALOGS = YES;
				MTL_ENABLE_DEBUG_INFO = NO;
				MTL_FAST_MATH = YES;
				SDKROOT = iphoneos;
				SWIFT_COMPILATION_MODE = wholemodule;
				VALIDATE_PRODUCT = YES;
			};
			name = Release;
		};
		B141C45B2C3366CD00BA0E29 /* Debug */ = {
			isa = XCBuildConfiguration;
			buildSettings = {
				ASSETCATALOG_COMPILER_APPICON_NAME = AppIcon;
				ASSETCATALOG_COMPILER_GLOBAL_ACCENT_COLOR_NAME = AccentColor;
				CODE_SIGN_STYLE = Automatic;
				CURRENT_PROJECT_VERSION = 1;
				DEVELOPMENT_ASSET_PATHS = "\"sturdy-couscous/Preview Content\"";
				DEVELOPMENT_TEAM = 6W56PZLJZG;
				ENABLE_PREVIEWS = YES;
				GENERATE_INFOPLIST_FILE = YES;
				INFOPLIST_KEY_NSCameraUsageDescription = "We need access to the camera for barcode and QR code scanning funcitonality";
				INFOPLIST_KEY_UIApplicationSceneManifest_Generation = YES;
				INFOPLIST_KEY_UIApplicationSupportsIndirectInputEvents = YES;
				INFOPLIST_KEY_UILaunchScreen_Generation = YES;
				INFOPLIST_KEY_UISupportedInterfaceOrientations_iPad = "UIInterfaceOrientationPortrait UIInterfaceOrientationPortraitUpsideDown UIInterfaceOrientationLandscapeLeft UIInterfaceOrientationLandscapeRight";
				INFOPLIST_KEY_UISupportedInterfaceOrientations_iPhone = "UIInterfaceOrientationPortrait UIInterfaceOrientationLandscapeLeft UIInterfaceOrientationLandscapeRight";
				LD_RUNPATH_SEARCH_PATHS = (
					"$(inherited)",
					"@executable_path/Frameworks",
				);
				MARKETING_VERSION = 1.0;
				PRODUCT_BUNDLE_IDENTIFIER = "com.pjb.den.sturdy-couscous";
				PRODUCT_NAME = "$(TARGET_NAME)";
				SWIFT_EMIT_LOC_STRINGS = YES;
				SWIFT_VERSION = 5.0;
				TARGETED_DEVICE_FAMILY = "1,2";
			};
			name = Debug;
		};
		B141C45C2C3366CD00BA0E29 /* Release */ = {
			isa = XCBuildConfiguration;
			buildSettings = {
				ASSETCATALOG_COMPILER_APPICON_NAME = AppIcon;
				ASSETCATALOG_COMPILER_GLOBAL_ACCENT_COLOR_NAME = AccentColor;
				CODE_SIGN_STYLE = Automatic;
				CURRENT_PROJECT_VERSION = 1;
				DEVELOPMENT_ASSET_PATHS = "\"sturdy-couscous/Preview Content\"";
				DEVELOPMENT_TEAM = 6W56PZLJZG;
				ENABLE_PREVIEWS = YES;
				GENERATE_INFOPLIST_FILE = YES;
				INFOPLIST_KEY_NSCameraUsageDescription = "We need access to the camera for barcode and QR code scanning funcitonality";
				INFOPLIST_KEY_UIApplicationSceneManifest_Generation = YES;
				INFOPLIST_KEY_UIApplicationSupportsIndirectInputEvents = YES;
				INFOPLIST_KEY_UILaunchScreen_Generation = YES;
				INFOPLIST_KEY_UISupportedInterfaceOrientations_iPad = "UIInterfaceOrientationPortrait UIInterfaceOrientationPortraitUpsideDown UIInterfaceOrientationLandscapeLeft UIInterfaceOrientationLandscapeRight";
				INFOPLIST_KEY_UISupportedInterfaceOrientations_iPhone = "UIInterfaceOrientationPortrait UIInterfaceOrientationLandscapeLeft UIInterfaceOrientationLandscapeRight";
				LD_RUNPATH_SEARCH_PATHS = (
					"$(inherited)",
					"@executable_path/Frameworks",
				);
				MARKETING_VERSION = 1.0;
				PRODUCT_BUNDLE_IDENTIFIER = "com.pjb.den.sturdy-couscous";
				PRODUCT_NAME = "$(TARGET_NAME)";
				SWIFT_EMIT_LOC_STRINGS = YES;
				SWIFT_VERSION = 5.0;
				TARGETED_DEVICE_FAMILY = "1,2";
			};
			name = Release;
		};
/* End XCBuildConfiguration section */

/* Begin XCConfigurationList section */
		B141C4472C3366CC00BA0E29 /* Build configuration list for PBXProject "sturdy-couscous" */ = {
			isa = XCConfigurationList;
			buildConfigurations = (
				B141C4582C3366CD00BA0E29 /* Debug */,
				B141C4592C3366CD00BA0E29 /* Release */,
			);
			defaultConfigurationIsVisible = 0;
			defaultConfigurationName = Release;
		};
		B141C45A2C3366CD00BA0E29 /* Build configuration list for PBXNativeTarget "sturdy-couscous" */ = {
			isa = XCConfigurationList;
			buildConfigurations = (
				B141C45B2C3366CD00BA0E29 /* Debug */,
				B141C45C2C3366CD00BA0E29 /* Release */,
			);
			defaultConfigurationIsVisible = 0;
			defaultConfigurationName = Release;
		};
/* End XCConfigurationList section */

/* Begin XCRemoteSwiftPackageReference section */
		B141C4712C3390E000BA0E29 /* XCRemoteSwiftPackageReference "SwiftOTP" */ = {
			isa = XCRemoteSwiftPackageReference;
			repositoryURL = "https://github.com/lachlanbell/SwiftOTP.git";
			requirement = {
				kind = upToNextMajorVersion;
				minimumVersion = 3.0.2;
			};
		};
/* End XCRemoteSwiftPackageReference section */

/* Begin XCSwiftPackageProductDependency section */
		B141C4722C3390E000BA0E29 /* SwiftOTP */ = {
			isa = XCSwiftPackageProductDependency;
			package = B141C4712C3390E000BA0E29 /* XCRemoteSwiftPackageReference "SwiftOTP" */;
			productName = SwiftOTP;
		};
/* End XCSwiftPackageProductDependency section */
	};
	rootObject = B141C4442C3366CC00BA0E29 /* Project object */;
}
